
Microsoft Visual Studio Solution File, Format Version 12.00
# Visual Studio Version 16
VisualStudioVersion = 16.0.31729.503
MinimumVisualStudioVersion = 10.0.40219.1
Project("{9A19103F-16F7-4668-BE54-9A1E7A4F7556}") = "Core", "Core\Core.csproj", "{DB44AE44-641A-4712-B303-1831B2307340}"
EndProject
Project("{9A19103F-16F7-4668-BE54-9A1E7A4F7556}") = "TextAnalyzer", "TextAnalyzer\TextAnalyzer.csproj", "{DB2558D8-3B63-4067-BCC3-C8D1266C1F16}"
EndProject
Global
	GlobalSection(SolutionConfigurationPlatforms) = preSolution
		Debug|Any CPU = Debug|Any CPU
		Release|Any CPU = Release|Any CPU
	EndGlobalSection
	GlobalSection(ProjectConfigurationPlatforms) = postSolution
		{DB44AE44-641A-4712-B303-1831B2307340}.Debug|Any CPU.ActiveCfg = Debug|Any CPU
		{DB44AE44-641A-4712-B303-1831B2307340}.Debug|Any CPU.Build.0 = Debug|Any CPU
		{DB44AE44-641A-4712-B303-1831B2307340}.Release|Any CPU.ActiveCfg = Release|Any CPU
		{DB44AE44-641A-4712-B303-1831B2307340}.Release|Any CPU.Build.0 = Release|Any CPU
		{DB2558D8-3B63-4067-BCC3-C8D1266C1F16}.Debug|Any CPU.ActiveCfg = Debug|Any CPU
		{DB2558D8-3B63-4067-BCC3-C8D1266C1F16}.Debug|Any CPU.Build.0 = Debug|Any CPU
		{DB2558D8-3B63-4067-BCC3-C8D1266C1F16}.Release|Any CPU.ActiveCfg = Release|Any CPU
		{DB2558D8-3B63-4067-BCC3-C8D1266C1F16}.Release|Any CPU.Build.0 = Release|Any CPU
	EndGlobalSection
	GlobalSection(SolutionProperties) = preSolution
		HideSolutionNode = FALSE
	EndGlobalSection
	GlobalSection(ExtensibilityGlobals) = postSolution
		SolutionGuid = {982202AB-EC0D-4E95-98CC-15E6F5426E8A}
	EndGlobalSection
EndGlobal
